// !$*UTF8*$!
{
	archiveVersion = 1;
	classes = {
	};
	objectVersion = 46;
	objects = {

/* Begin PBXBuildFile section */
		3112555B1EAA83DE002B40FD /* ControllerWithKeyboard.swift in Sources */ = {isa = PBXBuildFile; fileRef = 3112555A1EAA83DE002B40FD /* ControllerWithKeyboard.swift */; };
		31967F831EAE3C4100ABA35B /* Settings.bundle in Resources */ = {isa = PBXBuildFile; fileRef = 31967F821EAE3C4100ABA35B /* Settings.bundle */; };
		31A469551EACEC16006769F0 /* SurveyCard2LearnerButton.swift in Sources */ = {isa = PBXBuildFile; fileRef = 31A469541EACEC16006769F0 /* SurveyCard2LearnerButton.swift */; };
		31ABB3831EAA56E2009BEF9C /* SurveyCard2.swift in Sources */ = {isa = PBXBuildFile; fileRef = 31ABB3821EAA56E2009BEF9C /* SurveyCard2.swift */; };
		31B91A271EA8FF3F0042D8A1 /* LogoImage.swift in Sources */ = {isa = PBXBuildFile; fileRef = 31B91A261EA8FF3F0042D8A1 /* LogoImage.swift */; };
		31B91A2B1EA9013C0042D8A1 /* StartLogoImage.swift in Sources */ = {isa = PBXBuildFile; fileRef = 31B91A2A1EA9013C0042D8A1 /* StartLogoImage.swift */; };
		31B91A2D1EA9054B0042D8A1 /* LogoLabel.swift in Sources */ = {isa = PBXBuildFile; fileRef = 31B91A2C1EA9054B0042D8A1 /* LogoLabel.swift */; };
		31B91A2F1EA905E90042D8A1 /* StartLogoLabel.swift in Sources */ = {isa = PBXBuildFile; fileRef = 31B91A2E1EA905E90042D8A1 /* StartLogoLabel.swift */; };
		31B91A341EA919130042D8A1 /* IntroCardTitleLabel.swift in Sources */ = {isa = PBXBuildFile; fileRef = 31B91A331EA919130042D8A1 /* IntroCardTitleLabel.swift */; };
		31B91A391EA91AFC0042D8A1 /* HeaderLabel.swift in Sources */ = {isa = PBXBuildFile; fileRef = 31B91A381EA91AFC0042D8A1 /* HeaderLabel.swift */; };
		31B91A3B1EA927ED0042D8A1 /* BodyLabel.swift in Sources */ = {isa = PBXBuildFile; fileRef = 31B91A3A1EA927ED0042D8A1 /* BodyLabel.swift */; };
		31B91A3D1EA929BF0042D8A1 /* IntroCardTitleUnderline.swift in Sources */ = {isa = PBXBuildFile; fileRef = 31B91A3C1EA929BF0042D8A1 /* IntroCardTitleUnderline.swift */; };
		31B91A3F1EA92A9A0042D8A1 /* IntroCardHeaderLabel.swift in Sources */ = {isa = PBXBuildFile; fileRef = 31B91A3E1EA92A9A0042D8A1 /* IntroCardHeaderLabel.swift */; };
		31B91A421EA92BB30042D8A1 /* IntroCardBodyLabel.swift in Sources */ = {isa = PBXBuildFile; fileRef = 31B91A411EA92BB30042D8A1 /* IntroCardBodyLabel.swift */; };
		31B91A441EA92E230042D8A1 /* IntroCardBeginButton.swift in Sources */ = {isa = PBXBuildFile; fileRef = 31B91A431EA92E230042D8A1 /* IntroCardBeginButton.swift */; };
		31B91A4C1EA93D360042D8A1 /* SurveyCard1NameLabel.swift in Sources */ = {isa = PBXBuildFile; fileRef = 31B91A4B1EA93D360042D8A1 /* SurveyCard1NameLabel.swift */; };
		31B91A4E1EA93E010042D8A1 /* SurveyCard1NameField.swift in Sources */ = {isa = PBXBuildFile; fileRef = 31B91A4D1EA93E010042D8A1 /* SurveyCard1NameField.swift */; };
		31B91A511EA93F1F0042D8A1 /* SurveyCard1EmailLabel.swift in Sources */ = {isa = PBXBuildFile; fileRef = 31B91A501EA93F1F0042D8A1 /* SurveyCard1EmailLabel.swift */; };
		31B91A531EA93F270042D8A1 /* SurveyCard1EmailField.swift in Sources */ = {isa = PBXBuildFile; fileRef = 31B91A521EA93F270042D8A1 /* SurveyCard1EmailField.swift */; };
		31C33B541EA3044700C3E5F4 /* AppDelegate.swift in Sources */ = {isa = PBXBuildFile; fileRef = 31C33B531EA3044700C3E5F4 /* AppDelegate.swift */; };
		31C33B591EA3044700C3E5F4 /* Main.storyboard in Resources */ = {isa = PBXBuildFile; fileRef = 31C33B571EA3044700C3E5F4 /* Main.storyboard */; };
		31C33B5B1EA3044700C3E5F4 /* Assets.xcassets in Resources */ = {isa = PBXBuildFile; fileRef = 31C33B5A1EA3044700C3E5F4 /* Assets.xcassets */; };
		31C33B5E1EA3044700C3E5F4 /* LaunchScreen.storyboard in Resources */ = {isa = PBXBuildFile; fileRef = 31C33B5C1EA3044700C3E5F4 /* LaunchScreen.storyboard */; };
		31C33B661EA3056400C3E5F4 /* StartController.swift in Sources */ = {isa = PBXBuildFile; fileRef = 31C33B651EA3056400C3E5F4 /* StartController.swift */; };
		31C33B731EA4863D00C3E5F4 /* SurveyController.swift in Sources */ = {isa = PBXBuildFile; fileRef = 31C33B721EA4863D00C3E5F4 /* SurveyController.swift */; };
		31C33B751EA4F71A00C3E5F4 /* Card.swift in Sources */ = {isa = PBXBuildFile; fileRef = 31C33B741EA4F71A00C3E5F4 /* Card.swift */; };
		31C33B7C1EA4FD7E00C3E5F4 /* CustomLabel.swift in Sources */ = {isa = PBXBuildFile; fileRef = 31C33B7B1EA4FD7E00C3E5F4 /* CustomLabel.swift */; };
		31D472F31EABAE960049BD51 /* SurveyCard3.swift in Sources */ = {isa = PBXBuildFile; fileRef = 31D472F21EABAE960049BD51 /* SurveyCard3.swift */; };
		31D748771EA5122B00924748 /* UIExtensions.swift in Sources */ = {isa = PBXBuildFile; fileRef = 31D748761EA5122B00924748 /* UIExtensions.swift */; };
		31D748791EA52CA700924748 /* IntroCard.swift in Sources */ = {isa = PBXBuildFile; fileRef = 31D748781EA52CA700924748 /* IntroCard.swift */; };
		31D7487B1EA53BA400924748 /* CustomButton.swift in Sources */ = {isa = PBXBuildFile; fileRef = 31D7487A1EA53BA400924748 /* CustomButton.swift */; };
		31D7487D1EA5471F00924748 /* HorizontalLine.swift in Sources */ = {isa = PBXBuildFile; fileRef = 31D7487C1EA5471F00924748 /* HorizontalLine.swift */; };
		31D7487F1EA58DCE00924748 /* SurveyCard.swift in Sources */ = {isa = PBXBuildFile; fileRef = 31D7487E1EA58DCE00924748 /* SurveyCard.swift */; };
		31D748811EA59F9400924748 /* SurveyCardWithTitle.swift in Sources */ = {isa = PBXBuildFile; fileRef = 31D748801EA59F9400924748 /* SurveyCardWithTitle.swift */; };
		31D748841EA5A07E00924748 /* SurveyCard1.swift in Sources */ = {isa = PBXBuildFile; fileRef = 31D748831EA5A07E00924748 /* SurveyCard1.swift */; };
		31D748861EA68B8000924748 /* CustomTextField.swift in Sources */ = {isa = PBXBuildFile; fileRef = 31D748851EA68B8000924748 /* CustomTextField.swift */; };
		31D748891EA6F9DF00924748 /* CustomColor.swift in Sources */ = {isa = PBXBuildFile; fileRef = 31D748881EA6F9DF00924748 /* CustomColor.swift */; };
		31F6B76D1EA952CB0050D689 /* SurveyCard1GradeLabel.swift in Sources */ = {isa = PBXBuildFile; fileRef = 31F6B76C1EA952CB0050D689 /* SurveyCard1GradeLabel.swift */; };
		31F6B76F1EA953FA0050D689 /* SurveyCard1GradeButton.swift in Sources */ = {isa = PBXBuildFile; fileRef = 31F6B76E1EA953FA0050D689 /* SurveyCard1GradeButton.swift */; };
		31F6B7711EA95E8E0050D689 /* SurveyCard1Divider.swift in Sources */ = {isa = PBXBuildFile; fileRef = 31F6B7701EA95E8E0050D689 /* SurveyCard1Divider.swift */; };
/* End PBXBuildFile section */

/* Begin PBXFileReference section */
		3112555A1EAA83DE002B40FD /* ControllerWithKeyboard.swift */ = {isa = PBXFileReference; fileEncoding = 4; lastKnownFileType = sourcecode.swift; path = ControllerWithKeyboard.swift; sourceTree = "<group>"; };
		31967F821EAE3C4100ABA35B /* Settings.bundle */ = {isa = PBXFileReference; lastKnownFileType = "wrapper.plug-in"; path = Settings.bundle; sourceTree = "<group>"; };
		31A469541EACEC16006769F0 /* SurveyCard2LearnerButton.swift */ = {isa = PBXFileReference; fileEncoding = 4; lastKnownFileType = sourcecode.swift; path = SurveyCard2LearnerButton.swift; sourceTree = "<group>"; };
		31ABB3821EAA56E2009BEF9C /* SurveyCard2.swift */ = {isa = PBXFileReference; fileEncoding = 4; lastKnownFileType = sourcecode.swift; path = SurveyCard2.swift; sourceTree = "<group>"; };
		31B91A261EA8FF3F0042D8A1 /* LogoImage.swift */ = {isa = PBXFileReference; fileEncoding = 4; lastKnownFileType = sourcecode.swift; path = LogoImage.swift; sourceTree = "<group>"; };
		31B91A2A1EA9013C0042D8A1 /* StartLogoImage.swift */ = {isa = PBXFileReference; fileEncoding = 4; lastKnownFileType = sourcecode.swift; path = StartLogoImage.swift; sourceTree = "<group>"; };
		31B91A2C1EA9054B0042D8A1 /* LogoLabel.swift */ = {isa = PBXFileReference; fileEncoding = 4; lastKnownFileType = sourcecode.swift; path = LogoLabel.swift; sourceTree = "<group>"; };
		31B91A2E1EA905E90042D8A1 /* StartLogoLabel.swift */ = {isa = PBXFileReference; fileEncoding = 4; lastKnownFileType = sourcecode.swift; path = StartLogoLabel.swift; sourceTree = "<group>"; };
		31B91A331EA919130042D8A1 /* IntroCardTitleLabel.swift */ = {isa = PBXFileReference; fileEncoding = 4; lastKnownFileType = sourcecode.swift; path = IntroCardTitleLabel.swift; sourceTree = "<group>"; };
		31B91A381EA91AFC0042D8A1 /* HeaderLabel.swift */ = {isa = PBXFileReference; fileEncoding = 4; lastKnownFileType = sourcecode.swift; path = HeaderLabel.swift; sourceTree = "<group>"; };
		31B91A3A1EA927ED0042D8A1 /* BodyLabel.swift */ = {isa = PBXFileReference; fileEncoding = 4; lastKnownFileType = sourcecode.swift; path = BodyLabel.swift; sourceTree = "<group>"; };
		31B91A3C1EA929BF0042D8A1 /* IntroCardTitleUnderline.swift */ = {isa = PBXFileReference; fileEncoding = 4; lastKnownFileType = sourcecode.swift; path = IntroCardTitleUnderline.swift; sourceTree = "<group>"; };
		31B91A3E1EA92A9A0042D8A1 /* IntroCardHeaderLabel.swift */ = {isa = PBXFileReference; fileEncoding = 4; lastKnownFileType = sourcecode.swift; path = IntroCardHeaderLabel.swift; sourceTree = "<group>"; };
		31B91A411EA92BB30042D8A1 /* IntroCardBodyLabel.swift */ = {isa = PBXFileReference; fileEncoding = 4; lastKnownFileType = sourcecode.swift; path = IntroCardBodyLabel.swift; sourceTree = "<group>"; };
		31B91A431EA92E230042D8A1 /* IntroCardBeginButton.swift */ = {isa = PBXFileReference; fileEncoding = 4; lastKnownFileType = sourcecode.swift; path = IntroCardBeginButton.swift; sourceTree = "<group>"; };
		31B91A4B1EA93D360042D8A1 /* SurveyCard1NameLabel.swift */ = {isa = PBXFileReference; fileEncoding = 4; lastKnownFileType = sourcecode.swift; path = SurveyCard1NameLabel.swift; sourceTree = "<group>"; };
		31B91A4D1EA93E010042D8A1 /* SurveyCard1NameField.swift */ = {isa = PBXFileReference; fileEncoding = 4; lastKnownFileType = sourcecode.swift; path = SurveyCard1NameField.swift; sourceTree = "<group>"; };
		31B91A501EA93F1F0042D8A1 /* SurveyCard1EmailLabel.swift */ = {isa = PBXFileReference; fileEncoding = 4; lastKnownFileType = sourcecode.swift; path = SurveyCard1EmailLabel.swift; sourceTree = "<group>"; };
		31B91A521EA93F270042D8A1 /* SurveyCard1EmailField.swift */ = {isa = PBXFileReference; fileEncoding = 4; lastKnownFileType = sourcecode.swift; path = SurveyCard1EmailField.swift; sourceTree = "<group>"; };
		31C33B501EA3044700C3E5F4 /* clientapp3.app */ = {isa = PBXFileReference; explicitFileType = wrapper.application; includeInIndex = 0; path = clientapp3.app; sourceTree = BUILT_PRODUCTS_DIR; };
		31C33B531EA3044700C3E5F4 /* AppDelegate.swift */ = {isa = PBXFileReference; lastKnownFileType = sourcecode.swift; path = AppDelegate.swift; sourceTree = "<group>"; };
		31C33B581EA3044700C3E5F4 /* Base */ = {isa = PBXFileReference; lastKnownFileType = file.storyboard; name = Base; path = Base.lproj/Main.storyboard; sourceTree = "<group>"; };
		31C33B5A1EA3044700C3E5F4 /* Assets.xcassets */ = {isa = PBXFileReference; lastKnownFileType = folder.assetcatalog; path = Assets.xcassets; sourceTree = "<group>"; };
		31C33B5D1EA3044700C3E5F4 /* Base */ = {isa = PBXFileReference; lastKnownFileType = file.storyboard; name = Base; path = Base.lproj/LaunchScreen.storyboard; sourceTree = "<group>"; };
		31C33B5F1EA3044700C3E5F4 /* Info.plist */ = {isa = PBXFileReference; lastKnownFileType = text.plist.xml; path = Info.plist; sourceTree = "<group>"; };
		31C33B651EA3056400C3E5F4 /* StartController.swift */ = {isa = PBXFileReference; fileEncoding = 4; lastKnownFileType = sourcecode.swift; path = StartController.swift; sourceTree = "<group>"; };
		31C33B721EA4863D00C3E5F4 /* SurveyController.swift */ = {isa = PBXFileReference; fileEncoding = 4; lastKnownFileType = sourcecode.swift; path = SurveyController.swift; sourceTree = "<group>"; };
		31C33B741EA4F71A00C3E5F4 /* Card.swift */ = {isa = PBXFileReference; fileEncoding = 4; lastKnownFileType = sourcecode.swift; path = Card.swift; sourceTree = "<group>"; };
		31C33B7B1EA4FD7E00C3E5F4 /* CustomLabel.swift */ = {isa = PBXFileReference; fileEncoding = 4; lastKnownFileType = sourcecode.swift; path = CustomLabel.swift; sourceTree = "<group>"; };
		31D472F21EABAE960049BD51 /* SurveyCard3.swift */ = {isa = PBXFileReference; fileEncoding = 4; lastKnownFileType = sourcecode.swift; path = SurveyCard3.swift; sourceTree = "<group>"; };
		31D748761EA5122B00924748 /* UIExtensions.swift */ = {isa = PBXFileReference; fileEncoding = 4; lastKnownFileType = sourcecode.swift; path = UIExtensions.swift; sourceTree = "<group>"; };
		31D748781EA52CA700924748 /* IntroCard.swift */ = {isa = PBXFileReference; fileEncoding = 4; lastKnownFileType = sourcecode.swift; lineEnding = 0; path = IntroCard.swift; sourceTree = "<group>"; xcLanguageSpecificationIdentifier = xcode.lang.swift; };
		31D7487A1EA53BA400924748 /* CustomButton.swift */ = {isa = PBXFileReference; fileEncoding = 4; lastKnownFileType = sourcecode.swift; lineEnding = 0; path = CustomButton.swift; sourceTree = "<group>"; xcLanguageSpecificationIdentifier = xcode.lang.swift; };
		31D7487C1EA5471F00924748 /* HorizontalLine.swift */ = {isa = PBXFileReference; fileEncoding = 4; lastKnownFileType = sourcecode.swift; path = HorizontalLine.swift; sourceTree = "<group>"; };
		31D7487E1EA58DCE00924748 /* SurveyCard.swift */ = {isa = PBXFileReference; fileEncoding = 4; lastKnownFileType = sourcecode.swift; lineEnding = 0; path = SurveyCard.swift; sourceTree = "<group>"; xcLanguageSpecificationIdentifier = xcode.lang.swift; };
		31D748801EA59F9400924748 /* SurveyCardWithTitle.swift */ = {isa = PBXFileReference; fileEncoding = 4; lastKnownFileType = sourcecode.swift; path = SurveyCardWithTitle.swift; sourceTree = "<group>"; };
		31D748831EA5A07E00924748 /* SurveyCard1.swift */ = {isa = PBXFileReference; fileEncoding = 4; lastKnownFileType = sourcecode.swift; lineEnding = 0; path = SurveyCard1.swift; sourceTree = "<group>"; xcLanguageSpecificationIdentifier = xcode.lang.swift; };
		31D748851EA68B8000924748 /* CustomTextField.swift */ = {isa = PBXFileReference; fileEncoding = 4; lastKnownFileType = sourcecode.swift; lineEnding = 0; path = CustomTextField.swift; sourceTree = "<group>"; xcLanguageSpecificationIdentifier = xcode.lang.swift; };
		31D748881EA6F9DF00924748 /* CustomColor.swift */ = {isa = PBXFileReference; fileEncoding = 4; lastKnownFileType = sourcecode.swift; path = CustomColor.swift; sourceTree = "<group>"; };
		31F6B76C1EA952CB0050D689 /* SurveyCard1GradeLabel.swift */ = {isa = PBXFileReference; fileEncoding = 4; lastKnownFileType = sourcecode.swift; path = SurveyCard1GradeLabel.swift; sourceTree = "<group>"; };
		31F6B76E1EA953FA0050D689 /* SurveyCard1GradeButton.swift */ = {isa = PBXFileReference; fileEncoding = 4; lastKnownFileType = sourcecode.swift; path = SurveyCard1GradeButton.swift; sourceTree = "<group>"; };
		31F6B7701EA95E8E0050D689 /* SurveyCard1Divider.swift */ = {isa = PBXFileReference; fileEncoding = 4; lastKnownFileType = sourcecode.swift; path = SurveyCard1Divider.swift; sourceTree = "<group>"; };
/* End PBXFileReference section */

/* Begin PBXFrameworksBuildPhase section */
		31C33B4D1EA3044700C3E5F4 /* Frameworks */ = {
			isa = PBXFrameworksBuildPhase;
			buildActionMask = 2147483647;
			files = (
			);
			runOnlyForDeploymentPostprocessing = 0;
		};
/* End PBXFrameworksBuildPhase section */

/* Begin PBXGroup section */
		31ABB3801EAA5697009BEF9C /* Survey Card 2 */ = {
			isa = PBXGroup;
			children = (
				31ABB3821EAA56E2009BEF9C /* SurveyCard2.swift */,
				31ABB3811EAA56D5009BEF9C /* Components */,
			);
			name = "Survey Card 2";
			sourceTree = "<group>";
		};
		31ABB3811EAA56D5009BEF9C /* Components */ = {
			isa = PBXGroup;
			children = (
				31A469541EACEC16006769F0 /* SurveyCard2LearnerButton.swift */,
			);
			name = Components;
			sourceTree = "<group>";
		};
		31B91A241EA8FF0E0042D8A1 /* Specific Elements */ = {
			isa = PBXGroup;
			children = (
				31B91A251EA8FF170042D8A1 /* Title & Logo Elements */,
				31B91A371EA91AB30042D8A1 /* Labels */,
			);
			name = "Specific Elements";
			sourceTree = "<group>";
		};
		31B91A251EA8FF170042D8A1 /* Title & Logo Elements */ = {
			isa = PBXGroup;
			children = (
				31B91A2C1EA9054B0042D8A1 /* LogoLabel.swift */,
				31B91A261EA8FF3F0042D8A1 /* LogoImage.swift */,
			);
			name = "Title & Logo Elements";
			sourceTree = "<group>";
		};
		31B91A281EA901110042D8A1 /* Controllers */ = {
			isa = PBXGroup;
			children = (
				31B91A291EA9011E0042D8A1 /* Start Controller */,
				31B91A451EA938620042D8A1 /* Survey Controller */,
			);
			name = Controllers;
			sourceTree = "<group>";
		};
		31B91A291EA9011E0042D8A1 /* Start Controller */ = {
			isa = PBXGroup;
			children = (
				31C33B651EA3056400C3E5F4 /* StartController.swift */,
				31B91A301EA917EF0042D8A1 /* Components */,
				31B91A311EA9189C0042D8A1 /* Cards */,
			);
			name = "Start Controller";
			sourceTree = "<group>";
		};
		31B91A301EA917EF0042D8A1 /* Components */ = {
			isa = PBXGroup;
			children = (
				31B91A2A1EA9013C0042D8A1 /* StartLogoImage.swift */,
				31B91A2E1EA905E90042D8A1 /* StartLogoLabel.swift */,
			);
			name = Components;
			sourceTree = "<group>";
		};
		31B91A311EA9189C0042D8A1 /* Cards */ = {
			isa = PBXGroup;
			children = (
				31D748781EA52CA700924748 /* IntroCard.swift */,
				31B91A321EA918DB0042D8A1 /* Components */,
			);
			name = Cards;
			sourceTree = "<group>";
		};
		31B91A321EA918DB0042D8A1 /* Components */ = {
			isa = PBXGroup;
			children = (
				31B91A331EA919130042D8A1 /* IntroCardTitleLabel.swift */,
				31B91A3C1EA929BF0042D8A1 /* IntroCardTitleUnderline.swift */,
				31B91A3E1EA92A9A0042D8A1 /* IntroCardHeaderLabel.swift */,
				31B91A411EA92BB30042D8A1 /* IntroCardBodyLabel.swift */,
				31B91A431EA92E230042D8A1 /* IntroCardBeginButton.swift */,
			);
			name = Components;
			sourceTree = "<group>";
		};
		31B91A371EA91AB30042D8A1 /* Labels */ = {
			isa = PBXGroup;
			children = (
				31B91A381EA91AFC0042D8A1 /* HeaderLabel.swift */,
				31B91A3A1EA927ED0042D8A1 /* BodyLabel.swift */,
			);
			name = Labels;
			sourceTree = "<group>";
		};
		31B91A451EA938620042D8A1 /* Survey Controller */ = {
			isa = PBXGroup;
			children = (
				31C33B721EA4863D00C3E5F4 /* SurveyController.swift */,
				31B91A471EA938860042D8A1 /* Cards */,
			);
			name = "Survey Controller";
			sourceTree = "<group>";
		};
		31B91A471EA938860042D8A1 /* Cards */ = {
			isa = PBXGroup;
			children = (
				31B91A481EA939310042D8A1 /* Survey Card 1 */,
				31ABB3801EAA5697009BEF9C /* Survey Card 2 */,
				31D472F11EABAE7F0049BD51 /* Survey Card 3 */,
			);
			name = Cards;
			sourceTree = "<group>";
		};
		31B91A481EA939310042D8A1 /* Survey Card 1 */ = {
			isa = PBXGroup;
			children = (
				31D748831EA5A07E00924748 /* SurveyCard1.swift */,
				31B91A491EA939530042D8A1 /* Components */,
			);
			name = "Survey Card 1";
			sourceTree = "<group>";
		};
		31B91A491EA939530042D8A1 /* Components */ = {
			isa = PBXGroup;
			children = (
				31B91A4A1EA93D130042D8A1 /* Name Section */,
				31B91A4F1EA93F0A0042D8A1 /* Email Section */,
				31F6B76B1EA952A60050D689 /* Grade Section */,
				31F6B7701EA95E8E0050D689 /* SurveyCard1Divider.swift */,
			);
			name = Components;
			sourceTree = "<group>";
		};
		31B91A4A1EA93D130042D8A1 /* Name Section */ = {
			isa = PBXGroup;
			children = (
				31B91A4B1EA93D360042D8A1 /* SurveyCard1NameLabel.swift */,
				31B91A4D1EA93E010042D8A1 /* SurveyCard1NameField.swift */,
			);
			name = "Name Section";
			sourceTree = "<group>";
		};
		31B91A4F1EA93F0A0042D8A1 /* Email Section */ = {
			isa = PBXGroup;
			children = (
				31B91A501EA93F1F0042D8A1 /* SurveyCard1EmailLabel.swift */,
				31B91A521EA93F270042D8A1 /* SurveyCard1EmailField.swift */,
			);
			name = "Email Section";
			sourceTree = "<group>";
		};
		31C33B471EA3044700C3E5F4 = {
			isa = PBXGroup;
			children = (
				31C33B521EA3044700C3E5F4 /* clientapp3 */,
				31C33B511EA3044700C3E5F4 /* Products */,
			);
			sourceTree = "<group>";
		};
		31C33B511EA3044700C3E5F4 /* Products */ = {
			isa = PBXGroup;
			children = (
				31C33B501EA3044700C3E5F4 /* clientapp3.app */,
			);
			name = Products;
			sourceTree = "<group>";
		};
		31C33B521EA3044700C3E5F4 /* clientapp3 */ = {
			isa = PBXGroup;
			children = (
				31B91A281EA901110042D8A1 /* Controllers */,
				31C33B531EA3044700C3E5F4 /* AppDelegate.swift */,
				31C33B761EA4F71E00C3E5F4 /* UIElements */,
				31D748761EA5122B00924748 /* UIExtensions.swift */,
				31C33B571EA3044700C3E5F4 /* Main.storyboard */,
				31967F821EAE3C4100ABA35B /* Settings.bundle */,
				31C33B5A1EA3044700C3E5F4 /* Assets.xcassets */,
				31C33B5C1EA3044700C3E5F4 /* LaunchScreen.storyboard */,
				31C33B5F1EA3044700C3E5F4 /* Info.plist */,
			);
			path = clientapp3;
			sourceTree = "<group>";
		};
		31C33B761EA4F71E00C3E5F4 /* UIElements */ = {
			isa = PBXGroup;
			children = (
				31B91A241EA8FF0E0042D8A1 /* Specific Elements */,
				31D748871EA6EAB700924748 /* Colors and Fonts */,
				31C33B781EA4FAF600C3E5F4 /* Custom Base Elements */,
				31C33B771EA4FADD00C3E5F4 /* Card Templates */,
			);
			name = UIElements;
			sourceTree = "<group>";
		};
		31C33B771EA4FADD00C3E5F4 /* Card Templates */ = {
			isa = PBXGroup;
			children = (
				31C33B741EA4F71A00C3E5F4 /* Card.swift */,
				31D7487E1EA58DCE00924748 /* SurveyCard.swift */,
				31D748801EA59F9400924748 /* SurveyCardWithTitle.swift */,
			);
			name = "Card Templates";
			sourceTree = "<group>";
		};
		31C33B781EA4FAF600C3E5F4 /* Custom Base Elements */ = {
			isa = PBXGroup;
			children = (
				31C33B7B1EA4FD7E00C3E5F4 /* CustomLabel.swift */,
				31D7487A1EA53BA400924748 /* CustomButton.swift */,
				31D7487C1EA5471F00924748 /* HorizontalLine.swift */,
				31D748851EA68B8000924748 /* CustomTextField.swift */,
				3112555A1EAA83DE002B40FD /* ControllerWithKeyboard.swift */,
			);
			name = "Custom Base Elements";
			sourceTree = "<group>";
		};
		31D472F11EABAE7F0049BD51 /* Survey Card 3 */ = {
			isa = PBXGroup;
			children = (
				31D472F21EABAE960049BD51 /* SurveyCard3.swift */,
			);
			name = "Survey Card 3";
			sourceTree = "<group>";
		};
		31D748871EA6EAB700924748 /* Colors and Fonts */ = {
			isa = PBXGroup;
			children = (
				31D748881EA6F9DF00924748 /* CustomColor.swift */,
			);
			name = "Colors and Fonts";
			sourceTree = "<group>";
		};
		31F6B76B1EA952A60050D689 /* Grade Section */ = {
			isa = PBXGroup;
			children = (
				31F6B76C1EA952CB0050D689 /* SurveyCard1GradeLabel.swift */,
				31F6B76E1EA953FA0050D689 /* SurveyCard1GradeButton.swift */,
			);
			name = "Grade Section";
			sourceTree = "<group>";
		};
/* End PBXGroup section */

/* Begin PBXNativeTarget section */
		31C33B4F1EA3044700C3E5F4 /* clientapp3 */ = {
			isa = PBXNativeTarget;
			buildConfigurationList = 31C33B621EA3044700C3E5F4 /* Build configuration list for PBXNativeTarget "clientapp3" */;
			buildPhases = (
				31C33B4C1EA3044700C3E5F4 /* Sources */,
				31C33B4D1EA3044700C3E5F4 /* Frameworks */,
				31C33B4E1EA3044700C3E5F4 /* Resources */,
			);
			buildRules = (
			);
			dependencies = (
			);
			name = clientapp3;
			productName = clientapp3;
			productReference = 31C33B501EA3044700C3E5F4 /* clientapp3.app */;
			productType = "com.apple.product-type.application";
		};
/* End PBXNativeTarget section */

/* Begin PBXProject section */
		31C33B481EA3044700C3E5F4 /* Project object */ = {
			isa = PBXProject;
			attributes = {
				LastSwiftUpdateCheck = 0830;
				LastUpgradeCheck = 0830;
				ORGANIZATIONNAME = "The Tutor House";
				TargetAttributes = {
					31C33B4F1EA3044700C3E5F4 = {
						CreatedOnToolsVersion = 8.3.1;
						DevelopmentTeam = 8CGNLEGE5T;
						ProvisioningStyle = Automatic;
					};
				};
			};
			buildConfigurationList = 31C33B4B1EA3044700C3E5F4 /* Build configuration list for PBXProject "clientapp3" */;
			compatibilityVersion = "Xcode 3.2";
			developmentRegion = English;
			hasScannedForEncodings = 0;
			knownRegions = (
				en,
				Base,
			);
			mainGroup = 31C33B471EA3044700C3E5F4;
			productRefGroup = 31C33B511EA3044700C3E5F4 /* Products */;
			projectDirPath = "";
			projectRoot = "";
			targets = (
				31C33B4F1EA3044700C3E5F4 /* clientapp3 */,
			);
		};
/* End PBXProject section */

/* Begin PBXResourcesBuildPhase section */
		31C33B4E1EA3044700C3E5F4 /* Resources */ = {
			isa = PBXResourcesBuildPhase;
			buildActionMask = 2147483647;
			files = (
				31967F831EAE3C4100ABA35B /* Settings.bundle in Resources */,
				31C33B5E1EA3044700C3E5F4 /* LaunchScreen.storyboard in Resources */,
				31C33B5B1EA3044700C3E5F4 /* Assets.xcassets in Resources */,
				31C33B591EA3044700C3E5F4 /* Main.storyboard in Resources */,
			);
			runOnlyForDeploymentPostprocessing = 0;
		};
/* End PBXResourcesBuildPhase section */

/* Begin PBXSourcesBuildPhase section */
		31C33B4C1EA3044700C3E5F4 /* Sources */ = {
			isa = PBXSourcesBuildPhase;
			buildActionMask = 2147483647;
			files = (
				31B91A3B1EA927ED0042D8A1 /* BodyLabel.swift in Sources */,
				31D748841EA5A07E00924748 /* SurveyCard1.swift in Sources */,
				31B91A341EA919130042D8A1 /* IntroCardTitleLabel.swift in Sources */,
				31F6B7711EA95E8E0050D689 /* SurveyCard1Divider.swift in Sources */,
				31D7487F1EA58DCE00924748 /* SurveyCard.swift in Sources */,
				31D472F31EABAE960049BD51 /* SurveyCard3.swift in Sources */,
				31D748891EA6F9DF00924748 /* CustomColor.swift in Sources */,
				31B91A3D1EA929BF0042D8A1 /* IntroCardTitleUnderline.swift in Sources */,
				31D748771EA5122B00924748 /* UIExtensions.swift in Sources */,
				31B91A531EA93F270042D8A1 /* SurveyCard1EmailField.swift in Sources */,
				31ABB3831EAA56E2009BEF9C /* SurveyCard2.swift in Sources */,
				31F6B76F1EA953FA0050D689 /* SurveyCard1GradeButton.swift in Sources */,
				31A469551EACEC16006769F0 /* SurveyCard2LearnerButton.swift in Sources */,
				3112555B1EAA83DE002B40FD /* ControllerWithKeyboard.swift in Sources */,
				31D748861EA68B8000924748 /* CustomTextField.swift in Sources */,
				31B91A391EA91AFC0042D8A1 /* HeaderLabel.swift in Sources */,
				31C33B541EA3044700C3E5F4 /* AppDelegate.swift in Sources */,
				31D748811EA59F9400924748 /* SurveyCardWithTitle.swift in Sources */,
				31B91A441EA92E230042D8A1 /* IntroCardBeginButton.swift in Sources */,
				31D7487D1EA5471F00924748 /* HorizontalLine.swift in Sources */,
				31B91A511EA93F1F0042D8A1 /* SurveyCard1EmailLabel.swift in Sources */,
				31B91A2F1EA905E90042D8A1 /* StartLogoLabel.swift in Sources */,
				31F6B76D1EA952CB0050D689 /* SurveyCard1GradeLabel.swift in Sources */,
				31B91A421EA92BB30042D8A1 /* IntroCardBodyLabel.swift in Sources */,
				31D748791EA52CA700924748 /* IntroCard.swift in Sources */,
				31B91A4E1EA93E010042D8A1 /* SurveyCard1NameField.swift in Sources */,
				31C33B661EA3056400C3E5F4 /* StartController.swift in Sources */,
				31C33B7C1EA4FD7E00C3E5F4 /* CustomLabel.swift in Sources */,
				31D7487B1EA53BA400924748 /* CustomButton.swift in Sources */,
				31C33B731EA4863D00C3E5F4 /* SurveyController.swift in Sources */,
				31B91A2B1EA9013C0042D8A1 /* StartLogoImage.swift in Sources */,
				31B91A271EA8FF3F0042D8A1 /* LogoImage.swift in Sources */,
				31B91A3F1EA92A9A0042D8A1 /* IntroCardHeaderLabel.swift in Sources */,
				31B91A2D1EA9054B0042D8A1 /* LogoLabel.swift in Sources */,
				31C33B751EA4F71A00C3E5F4 /* Card.swift in Sources */,
				31B91A4C1EA93D360042D8A1 /* SurveyCard1NameLabel.swift in Sources */,
			);
			runOnlyForDeploymentPostprocessing = 0;
		};
/* End PBXSourcesBuildPhase section */

/* Begin PBXVariantGroup section */
		31C33B571EA3044700C3E5F4 /* Main.storyboard */ = {
			isa = PBXVariantGroup;
			children = (
				31C33B581EA3044700C3E5F4 /* Base */,
			);
			name = Main.storyboard;
			sourceTree = "<group>";
		};
		31C33B5C1EA3044700C3E5F4 /* LaunchScreen.storyboard */ = {
			isa = PBXVariantGroup;
			children = (
				31C33B5D1EA3044700C3E5F4 /* Base */,
			);
			name = LaunchScreen.storyboard;
			sourceTree = "<group>";
		};
/* End PBXVariantGroup section */

/* Begin XCBuildConfiguration section */
		31C33B601EA3044700C3E5F4 /* Debug */ = {
			isa = XCBuildConfiguration;
			buildSettings = {
				ALWAYS_SEARCH_USER_PATHS = NO;
				CLANG_ANALYZER_NONNULL = YES;
				CLANG_ANALYZER_NUMBER_OBJECT_CONVERSION = YES_AGGRESSIVE;
				CLANG_CXX_LANGUAGE_STANDARD = "gnu++0x";
				CLANG_CXX_LIBRARY = "libc++";
				CLANG_ENABLE_MODULES = YES;
				CLANG_ENABLE_OBJC_ARC = YES;
				CLANG_WARN_BOOL_CONVERSION = YES;
				CLANG_WARN_CONSTANT_CONVERSION = YES;
				CLANG_WARN_DIRECT_OBJC_ISA_USAGE = YES_ERROR;
				CLANG_WARN_DOCUMENTATION_COMMENTS = YES;
				CLANG_WARN_EMPTY_BODY = YES;
				CLANG_WARN_ENUM_CONVERSION = YES;
				CLANG_WARN_INFINITE_RECURSION = YES;
				CLANG_WARN_INT_CONVERSION = YES;
				CLANG_WARN_OBJC_ROOT_CLASS = YES_ERROR;
				CLANG_WARN_SUSPICIOUS_MOVE = YES;
				CLANG_WARN_UNREACHABLE_CODE = YES;
				CLANG_WARN__DUPLICATE_METHOD_MATCH = YES;
				"CODE_SIGN_IDENTITY[sdk=iphoneos*]" = "iPhone Developer";
				COPY_PHASE_STRIP = NO;
				DEBUG_INFORMATION_FORMAT = dwarf;
				ENABLE_STRICT_OBJC_MSGSEND = YES;
				ENABLE_TESTABILITY = YES;
				GCC_C_LANGUAGE_STANDARD = gnu99;
				GCC_DYNAMIC_NO_PIC = NO;
				GCC_NO_COMMON_BLOCKS = YES;
				GCC_OPTIMIZATION_LEVEL = 0;
				GCC_PREPROCESSOR_DEFINITIONS = (
					"DEBUG=1",
					"$(inherited)",
				);
				GCC_WARN_64_TO_32_BIT_CONVERSION = YES;
				GCC_WARN_ABOUT_RETURN_TYPE = YES_ERROR;
				GCC_WARN_UNDECLARED_SELECTOR = YES;
				GCC_WARN_UNINITIALIZED_AUTOS = YES_AGGRESSIVE;
				GCC_WARN_UNUSED_FUNCTION = YES;
				GCC_WARN_UNUSED_VARIABLE = YES;
				IPHONEOS_DEPLOYMENT_TARGET = 10.3;
				MTL_ENABLE_DEBUG_INFO = YES;
				ONLY_ACTIVE_ARCH = YES;
				SDKROOT = iphoneos;
				SWIFT_ACTIVE_COMPILATION_CONDITIONS = DEBUG;
				SWIFT_OPTIMIZATION_LEVEL = "-Onone";
				TARGETED_DEVICE_FAMILY = "1,2";
			};
			name = Debug;
		};
		31C33B611EA3044700C3E5F4 /* Release */ = {
			isa = XCBuildConfiguration;
			buildSettings = {
				ALWAYS_SEARCH_USER_PATHS = NO;
				CLANG_ANALYZER_NONNULL = YES;
				CLANG_ANALYZER_NUMBER_OBJECT_CONVERSION = YES_AGGRESSIVE;
				CLANG_CXX_LANGUAGE_STANDARD = "gnu++0x";
				CLANG_CXX_LIBRARY = "libc++";
				CLANG_ENABLE_MODULES = YES;
				CLANG_ENABLE_OBJC_ARC = YES;
				CLANG_WARN_BOOL_CONVERSION = YES;
				CLANG_WARN_CONSTANT_CONVERSION = YES;
				CLANG_WARN_DIRECT_OBJC_ISA_USAGE = YES_ERROR;
				CLANG_WARN_DOCUMENTATION_COMMENTS = YES;
				CLANG_WARN_EMPTY_BODY = YES;
				CLANG_WARN_ENUM_CONVERSION = YES;
				CLANG_WARN_INFINITE_RECURSION = YES;
				CLANG_WARN_INT_CONVERSION = YES;
				CLANG_WARN_OBJC_ROOT_CLASS = YES_ERROR;
				CLANG_WARN_SUSPICIOUS_MOVE = YES;
				CLANG_WARN_UNREACHABLE_CODE = YES;
				CLANG_WARN__DUPLICATE_METHOD_MATCH = YES;
				"CODE_SIGN_IDENTITY[sdk=iphoneos*]" = "iPhone Developer";
				COPY_PHASE_STRIP = NO;
				DEBUG_INFORMATION_FORMAT = "dwarf-with-dsym";
				ENABLE_NS_ASSERTIONS = NO;
				ENABLE_STRICT_OBJC_MSGSEND = YES;
				GCC_C_LANGUAGE_STANDARD = gnu99;
				GCC_NO_COMMON_BLOCKS = YES;
				GCC_WARN_64_TO_32_BIT_CONVERSION = YES;
				GCC_WARN_ABOUT_RETURN_TYPE = YES_ERROR;
				GCC_WARN_UNDECLARED_SELECTOR = YES;
				GCC_WARN_UNINITIALIZED_AUTOS = YES_AGGRESSIVE;
				GCC_WARN_UNUSED_FUNCTION = YES;
				GCC_WARN_UNUSED_VARIABLE = YES;
				IPHONEOS_DEPLOYMENT_TARGET = 10.3;
				MTL_ENABLE_DEBUG_INFO = NO;
				SDKROOT = iphoneos;
				SWIFT_OPTIMIZATION_LEVEL = "-Owholemodule";
				TARGETED_DEVICE_FAMILY = "1,2";
				VALIDATE_PRODUCT = YES;
			};
			name = Release;
		};
		31C33B631EA3044700C3E5F4 /* Debug */ = {
			isa = XCBuildConfiguration;
			buildSettings = {
				ASSETCATALOG_COMPILER_APPICON_NAME = AppIcon;
				DEVELOPMENT_TEAM = 8CGNLEGE5T;
				INFOPLIST_FILE = clientapp3/Info.plist;
				IPHONEOS_DEPLOYMENT_TARGET = 8.0;
				LD_RUNPATH_SEARCH_PATHS = "$(inherited) @executable_path/Frameworks";
				PRODUCT_BUNDLE_IDENTIFIER = com.thetutorhouse.clientapp3;
				PRODUCT_NAME = "$(TARGET_NAME)";
				SWIFT_VERSION = 3.0;
				TARGETED_DEVICE_FAMILY = 1;
			};
			name = Debug;
		};
		31C33B641EA3044700C3E5F4 /* Release */ = {
			isa = XCBuildConfiguration;
			buildSettings = {
				ASSETCATALOG_COMPILER_APPICON_NAME = AppIcon;
				DEVELOPMENT_TEAM = 8CGNLEGE5T;
				INFOPLIST_FILE = clientapp3/Info.plist;
				IPHONEOS_DEPLOYMENT_TARGET = 8.0;
				LD_RUNPATH_SEARCH_PATHS = "$(inherited) @executable_path/Frameworks";
				PRODUCT_BUNDLE_IDENTIFIER = com.thetutorhouse.clientapp3;
				PRODUCT_NAME = "$(TARGET_NAME)";
				SWIFT_VERSION = 3.0;
				TARGETED_DEVICE_FAMILY = 1;
			};
			name = Release;
		};
/* End XCBuildConfiguration section */

/* Begin XCConfigurationList section */
		31C33B4B1EA3044700C3E5F4 /* Build configuration list for PBXProject "clientapp3" */ = {
			isa = XCConfigurationList;
			buildConfigurations = (
				31C33B601EA3044700C3E5F4 /* Debug */,
				31C33B611EA3044700C3E5F4 /* Release */,
			);
			defaultConfigurationIsVisible = 0;
			defaultConfigurationName = Release;
		};
		31C33B621EA3044700C3E5F4 /* Build configuration list for PBXNativeTarget "clientapp3" */ = {
			isa = XCConfigurationList;
			buildConfigurations = (
				31C33B631EA3044700C3E5F4 /* Debug */,
				31C33B641EA3044700C3E5F4 /* Release */,
			);
			defaultConfigurationIsVisible = 0;
			defaultConfigurationName = Release;
		};
/* End XCConfigurationList section */
	};
	rootObject = 31C33B481EA3044700C3E5F4 /* Project object */;
}
